
Microsoft Visual Studio Solution File, Format Version 12.00
# Visual Studio Version 17
VisualStudioVersion = 17.8.34511.84
MinimumVisualStudioVersion = 10.0.40219.1
Project("{FAE04EC0-301F-11D3-BF4B-00C04F79EFBC}") = "RecipeApp", "RecipeApp\RecipeApp.csproj", "{345C736F-3F8F-4513-87C0-7975001355E5}"
EndProject
Global
	GlobalSection(SolutionConfigurationPlatforms) = preSolution
		Debug|Any CPU = Debug|Any CPU
		Release|Any CPU = Release|Any CPU
	EndGlobalSection
	GlobalSection(ProjectConfigurationPlatforms) = postSolution
		{345C736F-3F8F-4513-87C0-7975001355E5}.Debug|Any CPU.ActiveCfg = Debug|Any CPU
		{345C736F-3F8F-4513-87C0-7975001355E5}.Debug|Any CPU.Build.0 = Debug|Any CPU
		{345C736F-3F8F-4513-87C0-7975001355E5}.Release|Any CPU.ActiveCfg = Release|Any CPU
		{345C736F-3F8F-4513-87C0-7975001355E5}.Release|Any CPU.Build.0 = Release|Any CPU
	EndGlobalSection
	GlobalSection(SolutionProperties) = preSolution
		HideSolutionNode = FALSE
	EndGlobalSection
	GlobalSection(ExtensibilityGlobals) = postSolution
		SolutionGuid = {A7F596DB-7B12-4C10-B39D-E8361EF22FFD}
	EndGlobalSection
EndGlobal
